<?xml version="1.0" encoding="utf-8"?>
<Project ToolsVersion="4.0" xmlns="http://schemas.microsoft.com/developer/msbuild/2003">
  <ItemGroup>
    <Filter Include="Fichiers sources">
      <UniqueIdentifier>{4FC737F1-C7A5-4376-A066-2A32D752A2FF}</UniqueIdentifier>
      <Extensions>cpp;c;cc;cxx;c++;cppm;ixx;def;odl;idl;hpj;bat;asm;asmx</Extensions>
    </Filter>
    <Filter Include="Fichiers d%27en-tête">
      <UniqueIdentifier>{93995380-89BD-4b04-88EB-625FBE52EBFB}</UniqueIdentifier>
      <Extensions>h;hh;hpp;hxx;h++;hm;inl;inc;ipp;xsd</Extensions>
    </Filter>
    <Filter Include="Fichiers de ressources">
      <UniqueIdentifier>{67DA6AB6-F800-4c08-8B7A-83BB121AAD01}</UniqueIdentifier>
      <Extensions>rc;ico;cur;bmp;dlg;rc2;rct;bin;rgs;gif;jpg;jpeg;jpe;resx;tiff;tif;png;wav;mfcribbon-ms</Extensions>
    </Filter>
    <Filter Include="Fichiers sources\shaders">
      <UniqueIdentifier>{1f462518-2e39-44a1-b142-df074f574640}</UniqueIdentifier>
    </Filter>
    <Filter Include="Fichiers sources\utils">
      <UniqueIdentifier>{1b6679d3-d550-49ed-99d9-b250268ddc60}</UniqueIdentifier>
    </Filter>
    <Filter Include="Fichiers sources\imgui">
      <UniqueIdentifier>{2e17a6dd-879b-4d72-b9b7-38f90cab3b66}</UniqueIdentifier>
    </Filter>
    <Filter Include="Fichiers d%27en-tête\imgui">
      <UniqueIdentifier>{1ab31971-f67e-4823-b79f-b5def082fd74}</UniqueIdentifier>
    </Filter>
    <Filter Include="Fichiers sources\renderer">
      <UniqueIdentifier>{f41652e3-e8e6-4ece-912a-63a4f673b402}</UniqueIdentifier>
    </Filter>
  </ItemGroup>
  <ItemGroup>
    <ClCompile Include="src\main.cpp">
      <Filter>Fichiers sources</Filter>
    </ClCompile>
    <ClCompile Include="src\utils\image.cpp">
      <Filter>Fichiers sources\utils</Filter>
    </ClCompile>
    <ClCompile Include="src\utils\random.cpp">
      <Filter>Fichiers sources\utils</Filter>
    </ClCompile>
    <ClCompile Include="src\glad.c">
      <Filter>Fichiers sources</Filter>
    </ClCompile>
    <ClCompile Include="Include\imgui\imgui.cpp">
      <Filter>Fichiers sources\imgui</Filter>
    </ClCompile>
    <ClCompile Include="Include\imgui\imgui_demo.cpp">
      <Filter>Fichiers sources\imgui</Filter>
    </ClCompile>
    <ClCompile Include="Include\imgui\imgui_draw.cpp">
      <Filter>Fichiers sources\imgui</Filter>
    </ClCompile>
    <ClCompile Include="Include\imgui\imgui_impl_glfw.cpp">
      <Filter>Fichiers sources\imgui</Filter>
    </ClCompile>
    <ClCompile Include="Include\imgui\imgui_impl_opengl3.cpp">
      <Filter>Fichiers sources\imgui</Filter>
    </ClCompile>
    <ClCompile Include="Include\imgui\imgui_tables.cpp">
      <Filter>Fichiers sources\imgui</Filter>
    </ClCompile>
    <ClCompile Include="Include\imgui\imgui_widgets.cpp">
      <Filter>Fichiers sources\imgui</Filter>
    </ClCompile>
    <ClCompile Include="src\render\manual_pbr_renderer.cpp">
      <Filter>Fichiers sources\renderer</Filter>
    </ClCompile>
  </ItemGroup>
  <ItemGroup>
    <ClInclude Include="src\define.hpp">
      <Filter>Fichiers sources</Filter>
    </ClInclude>
    <ClInclude Include="src\utils\file_path.hpp">
      <Filter>Fichiers sources\utils</Filter>
    </ClInclude>
    <ClInclude Include="src\utils\gl_utils.hpp">
      <Filter>Fichiers sources\utils</Filter>
    </ClInclude>
    <ClInclude Include="src\utils\image.hpp">
      <Filter>Fichiers sources\utils</Filter>
    </ClInclude>
    <ClInclude Include="src\utils\basic_object_drawer.hpp">
      <Filter>Fichiers sources\utils</Filter>
    </ClInclude>
    <ClInclude Include="src\utils\program_wrapper.hpp">
      <Filter>Fichiers sources\utils</Filter>
    </ClInclude>
    <ClInclude Include="src\utils\victor_utils.hpp">
      <Filter>Fichiers sources\utils</Filter>
    </ClInclude>
    <ClInclude Include="src\utils\random.hpp">
      <Filter>Fichiers sources\utils</Filter>
    </ClInclude>
    <ClInclude Include="TinyObjectLoader.h">
      <Filter>Fichiers sources\utils</Filter>
    </ClInclude>
    <ClInclude Include="Include\imgui\imgui_impl_glfw.h">
      <Filter>Fichiers d%27en-tête\imgui</Filter>
    </ClInclude>
    <ClInclude Include="Include\imgui\imgui_impl_opengl3.h">
      <Filter>Fichiers d%27en-tête\imgui</Filter>
    </ClInclude>
    <ClInclude Include="Include\imgui\imgui_impl_opengl3_loader.h">
      <Filter>Fichiers d%27en-tête\imgui</Filter>
    </ClInclude>
    <ClInclude Include="Include\imgui\imgui_impl_sdl2.h">
      <Filter>Fichiers d%27en-tête\imgui</Filter>
    </ClInclude>
    <ClInclude Include="Include\imgui\imgui_internal.h">
      <Filter>Fichiers d%27en-tête\imgui</Filter>
    </ClInclude>
    <ClInclude Include="Include\imgui\imstb_rectpack.h">
      <Filter>Fichiers d%27en-tête\imgui</Filter>
    </ClInclude>
    <ClInclude Include="Include\imgui\imstb_textedit.h">
      <Filter>Fichiers d%27en-tête\imgui</Filter>
    </ClInclude>
    <ClInclude Include="Include\imgui\imstb_truetype.h">
      <Filter>Fichiers d%27en-tête\imgui</Filter>
    </ClInclude>
    <ClInclude Include="Include\imgui\imconfig.h">
      <Filter>Fichiers d%27en-tête\imgui</Filter>
    </ClInclude>
    <ClInclude Include="Include\imgui\imgui.h">
      <Filter>Fichiers d%27en-tête\imgui</Filter>
    </ClInclude>
    <ClInclude Include="src\utils\camera.hpp">
      <Filter>Fichiers sources\utils</Filter>
    </ClInclude>
    <ClInclude Include="src\utils\define.hpp">
      <Filter>Fichiers sources\utils</Filter>
    </ClInclude>
    <ClInclude Include="src\utils\shader.hpp">
      <Filter>Fichiers sources\utils</Filter>
    </ClInclude>
    <ClInclude Include="src\utils\cube.hpp">
      <Filter>Fichiers sources\utils</Filter>
    </ClInclude>
    <ClInclude Include="src\utils\skybox.hpp">
      <Filter>Fichiers sources\utils</Filter>
    </ClInclude>
    <ClInclude Include="src\utils\stb_image.h">
      <Filter>Fichiers sources\utils</Filter>
    </ClInclude>
    <ClInclude Include="src\utils\sphere.hpp">
      <Filter>Fichiers sources\utils</Filter>
    </ClInclude>
    <ClInclude Include="src\utils\compute_shader.hpp">
      <Filter>Fichiers sources\utils</Filter>
    </ClInclude>
    <ClInclude Include="src\utils\filesystem.h">
      <Filter>Fichiers sources\utils</Filter>
    </ClInclude>
    <ClInclude Include="src\utils\quad.hpp">
      <Filter>Fichiers sources\utils</Filter>
    </ClInclude>
    <ClInclude Include="src\render\manual_pbr_renderer.hpp">
      <Filter>Fichiers sources\renderer</Filter>
    </ClInclude>
    <ClInclude Include="src\render\base_renderer.hpp">
      <Filter>Fichiers sources\renderer</Filter>
    </ClInclude>
  </ItemGroup>
  <ItemGroup>
    <None Include="src\shaders\1.colors.fs">
      <Filter>Fichiers sources\shaders</Filter>
    </None>
    <None Include="src\shaders\1.colors.vs">
      <Filter>Fichiers sources\shaders</Filter>
    </None>
    <None Include="src\shaders\1.light_cube.fs">
      <Filter>Fichiers sources\shaders</Filter>
    </None>
    <None Include="src\shaders\1.light_cube.vs">
      <Filter>Fichiers sources\shaders</Filter>
    </None>
    <None Include="src\shaders\manual_pbr.fs">
      <Filter>Fichiers sources\shaders</Filter>
    </None>
    <None Include="src\shaders\manual_pbr.vs">
      <Filter>Fichiers sources\shaders</Filter>
    </None>
    <None Include="src\shaders\skybox.fs">
      <Filter>Fichiers sources\shaders</Filter>
    </None>
    <None Include="src\shaders\skybox.vs">
      <Filter>Fichiers sources\shaders</Filter>
    </None>
    <None Include="src\shaders\water.fs">
      <Filter>Fichiers sources\shaders</Filter>
    </None>
    <None Include="src\shaders\water.vs">
      <Filter>Fichiers sources\shaders</Filter>
    </None>
  </ItemGroup>
</Project>